
Microsoft Visual Studio Solution File, Format Version 12.00
# Visual Studio 15
VisualStudioVersion = 15.0.26730.3
MinimumVisualStudioVersion = 10.0.40219.1
Project("{8BC9CEB8-8B4A-11D0-8D11-00A0C91BC942}") = "GroupX", "GroupX.vcxproj", "{BD30C8D7-7BAC-4537-A536-CF6186BDC757}"
EndProject
Project("{8BC9CEB8-8B4A-11D0-8D11-00A0C91BC942}") = "UnitTest1", "..\UnitTest1\UnitTest1.vcxproj", "{784CEAD7-29D6-4982-B9C4-528C4B509D62}"
EndProject
Global
	GlobalSection(SolutionConfigurationPlatforms) = preSolution
		Debug|x64 = Debug|x64
		Debug|x86 = Debug|x86
		Release|x64 = Release|x64
		Release|x86 = Release|x86
	EndGlobalSection
	GlobalSection(ProjectConfigurationPlatforms) = postSolution
		{BD30C8D7-7BAC-4537-A536-CF6186BDC757}.Debug|x64.ActiveCfg = Debug|x64
		{BD30C8D7-7BAC-4537-A536-CF6186BDC757}.Debug|x64.Build.0 = Debug|x64
		{BD30C8D7-7BAC-4537-A536-CF6186BDC757}.Debug|x86.ActiveCfg = Debug|Win32
		{BD30C8D7-7BAC-4537-A536-CF6186BDC757}.Debug|x86.Build.0 = Debug|Win32
		{BD30C8D7-7BAC-4537-A536-CF6186BDC757}.Release|x64.ActiveCfg = Release|x64
		{BD30C8D7-7BAC-4537-A536-CF6186BDC757}.Release|x64.Build.0 = Release|x64
		{BD30C8D7-7BAC-4537-A536-CF6186BDC757}.Release|x86.ActiveCfg = Release|Win32
		{BD30C8D7-7BAC-4537-A536-CF6186BDC757}.Release|x86.Build.0 = Release|Win32
		{784CEAD7-29D6-4982-B9C4-528C4B509D62}.Debug|x64.ActiveCfg = Debug|x64
		{784CEAD7-29D6-4982-B9C4-528C4B509D62}.Debug|x64.Build.0 = Debug|x64
		{784CEAD7-29D6-4982-B9C4-528C4B509D62}.Debug|x86.ActiveCfg = Debug|Win32
		{784CEAD7-29D6-4982-B9C4-528C4B509D62}.Debug|x86.Build.0 = Debug|Win32
		{784CEAD7-29D6-4982-B9C4-528C4B509D62}.Release|x64.ActiveCfg = Release|x64
		{784CEAD7-29D6-4982-B9C4-528C4B509D62}.Release|x64.Build.0 = Release|x64
		{784CEAD7-29D6-4982-B9C4-528C4B509D62}.Release|x86.ActiveCfg = Release|Win32
		{784CEAD7-29D6-4982-B9C4-528C4B509D62}.Release|x86.Build.0 = Release|Win32
	EndGlobalSection
	GlobalSection(SolutionProperties) = preSolution
		HideSolutionNode = FALSE
	EndGlobalSection
	GlobalSection(ExtensibilityGlobals) = postSolution
		SolutionGuid = {533FF459-7EBE-482C-AAC7-4439E5B1039C}
	EndGlobalSection
EndGlobal
